
Microsoft Visual Studio Solution File, Format Version 12.00
# Visual Studio 15
VisualStudioVersion = 15.0.26730.12
MinimumVisualStudioVersion = 10.0.40219.1
Project("{FAE04EC0-301F-11D3-BF4B-00C04F79EFBC}") = "Vrh.ApplicationContainer", "Vrh.ApplicationContainer\Vrh.ApplicationContainer.csproj", "{0F167592-DCC8-4CF5-9737-6F0B86D0F76F}"
EndProject
Project("{2150E333-8FDC-42A3-9474-1A3956D46DE8}") = "TestPlugins", "TestPlugins", "{DFAA4713-DE67-4DF8-A7E3-DC992C935CD3}"
EndProject
Project("{FAE04EC0-301F-11D3-BF4B-00C04F79EFBC}") = "InstanceFactory.FromXML", "InstanceFactory.FromXMLConfig\InstanceFactory.FromXML.csproj", "{E993C7D1-BEA9-4EB1-8012-46065E29AE10}"
EndProject
Project("{FAE04EC0-301F-11D3-BF4B-00C04F79EFBC}") = "InstanceFactory.Fake", "InstanceFactory.Fake\InstanceFactory.Fake.csproj", "{8FDA2D43-ED1D-4352-8D5A-CCD4F8C73AA7}"
EndProject
Project("{FAE04EC0-301F-11D3-BF4B-00C04F79EFBC}") = "Plugin.Test", "Plugin.Test\Plugin.Test.csproj", "{B0B86A2A-7F39-40C4-82C5-FEA9ADC1D62B}"
EndProject
Project("{FAE04EC0-301F-11D3-BF4B-00C04F79EFBC}") = "IVConnector.Plugin", "IVConnector.Plugin\IVConnector.Plugin.csproj", "{13AA79BE-E374-41DE-96A7-F4B725377BA2}"
EndProject
Project("{FAE04EC0-301F-11D3-BF4B-00C04F79EFBC}") = "iSchedulerMonitor", "iSchedulerMonitor\iSchedulerMonitor.csproj", "{E2EE1A88-D8A2-4031-9A8A-CFF111E87FB3}"
EndProject
Project("{FAE04EC0-301F-11D3-BF4B-00C04F79EFBC}") = "Vrh.ApplicationContainer.WindowsServiceHost", "Vrh.ApplicationContainer.WindowsServiceHost\Vrh.ApplicationContainer.WindowsServiceHost.csproj", "{38529388-3CE3-49D6-A0DB-76647B84EA62}"
EndProject
Project("{FAE04EC0-301F-11D3-BF4B-00C04F79EFBC}") = "IVServiceWatchdog", "IVServiceWatchdog\IVServiceWatchdog.csproj", "{501DB928-AD32-46FC-8510-214EBD1FE200}"
EndProject
Project("{FAE04EC0-301F-11D3-BF4B-00C04F79EFBC}") = "Service.Starter", "Service.Starter\Service.Starter.csproj", "{275CB54C-6639-4CB5-A34B-A9D7FD5A9714}"
EndProject
Project("{FAE04EC0-301F-11D3-BF4B-00C04F79EFBC}") = "Vrh.PrintingService", "Vrh.PrintingService\Vrh.PrintingService.csproj", "{FF1F20EF-E26A-4AF2-AC88-3901F42E8AC8}"
EndProject
Project("{FAE04EC0-301F-11D3-BF4B-00C04F79EFBC}") = "Vrh.PrintingService.PrinterTypeContract", "Vrh.PrintingService.PrinterTypeContract\Vrh.PrintingService.PrinterTypeContract.csproj", "{3CFEF4DA-1E6F-4EF4-BEB1-928D5A53C8D4}"
EndProject
Project("{FAE04EC0-301F-11D3-BF4B-00C04F79EFBC}") = "Vrh.PrintingService.Godex.ZX1200i", "Vrh.PrintingService.Godex.ZX1200i\Vrh.PrintingService.Godex.ZX1200i.csproj", "{A89AAB3E-16BE-4254-A119-A2C8D1042CE9}"
EndProject
Project("{FAE04EC0-301F-11D3-BF4B-00C04F79EFBC}") = "Vrh.PrintingService.MessageTypes", "Vrh.PrintingService.MessageTypes\Vrh.PrintingService.MessageTypes.csproj", "{3034D57F-D3E5-4447-9DEE-035868234DCB}"
EndProject
Project("{2150E333-8FDC-42A3-9474-1A3956D46DE8}") = "VrhPrintingService", "VrhPrintingService", "{42904ED0-A6EA-42BB-8AAF-726D7DF5BB27}"
EndProject
Project("{2150E333-8FDC-42A3-9474-1A3956D46DE8}") = "VrhCameraService", "VrhCameraService", "{2170EE0A-7F9A-4F28-88AA-3A5B98C57681}"
EndProject
Project("{FAE04EC0-301F-11D3-BF4B-00C04F79EFBC}") = "Vrh.CameraService", "Vrh.CameraService\Vrh.CameraService.csproj", "{3226659E-7D72-4B05-97D4-3B79D11AFEF0}"
EndProject
Project("{FAE04EC0-301F-11D3-BF4B-00C04F79EFBC}") = "Vrh.CameraService.CameraTypeContract", "Vrh.CameraService.CameraTypeContract\Vrh.CameraService.CameraTypeContract.csproj", "{94D87ACB-ECAD-47AB-BA6F-977A451DC500}"
EndProject
Project("{FAE04EC0-301F-11D3-BF4B-00C04F79EFBC}") = "Vrh.CameraService.MessageTypes", "Vrh.CameraService.MessageTypes\Vrh.CameraService.MessageTypes.csproj", "{382369C0-B225-4BF2-BC1C-5D947A032624}"
EndProject
Project("{FAE04EC0-301F-11D3-BF4B-00C04F79EFBC}") = "Vrh.CameraService.Matrix.T49", "Vrh.CameraService.Matrix.T49\Vrh.CameraService.Matrix.T49.csproj", "{A2D8C52C-1C2E-40DA-B3DB-7CF8E636D596}"
EndProject
Project("{FAE04EC0-301F-11D3-BF4B-00C04F79EFBC}") = "Vrh.CameraService.Matrix.300", "Vrh.CameraService.Matrix.300\Vrh.CameraService.Matrix.300.csproj", "{F5766DA6-F7D2-4581-8099-BC27743925D1}"
EndProject
Project("{2150E333-8FDC-42A3-9474-1A3956D46DE8}") = "ProjectTemplate", "ProjectTemplate", "{A02CD324-C509-4050-882C-A2727AE736B2}"
EndProject
Project("{FAE04EC0-301F-11D3-BF4B-00C04F79EFBC}") = "Plugin.ProjectTemplate", "Plugin.ProjectTemplate\Plugin.ProjectTemplate.csproj", "{62D7348C-5CC1-4F6F-8BD6-8DD4F4A8B0E9}"
EndProject
Project("{FAE04EC0-301F-11D3-BF4B-00C04F79EFBC}") = "Plugin.ProjectTemplate.Install", "Plugin.ProjectTemplate.Install\Plugin.ProjectTemplate.Install.csproj", "{D87370E4-46E4-4E81-9B6E-29F8DBFD1DAB}"
EndProject
Project("{FAE04EC0-301F-11D3-BF4B-00C04F79EFBC}") = "Vrh.ApplicationContainer.ConsoleHost", "Vrh.ApplicationContainer.ConsoleHost\Vrh.ApplicationContainer.ConsoleHost.csproj", "{1F47D82A-1730-41E2-B164-DE5BBAAA4CD3}"
EndProject
Global
	GlobalSection(SolutionConfigurationPlatforms) = preSolution
		Debug|Any CPU = Debug|Any CPU
		Release|Any CPU = Release|Any CPU
	EndGlobalSection
	GlobalSection(ProjectConfigurationPlatforms) = postSolution
		{0F167592-DCC8-4CF5-9737-6F0B86D0F76F}.Debug|Any CPU.ActiveCfg = Debug|Any CPU
		{0F167592-DCC8-4CF5-9737-6F0B86D0F76F}.Debug|Any CPU.Build.0 = Debug|Any CPU
		{0F167592-DCC8-4CF5-9737-6F0B86D0F76F}.Release|Any CPU.ActiveCfg = Release|Any CPU
		{0F167592-DCC8-4CF5-9737-6F0B86D0F76F}.Release|Any CPU.Build.0 = Release|Any CPU
		{E993C7D1-BEA9-4EB1-8012-46065E29AE10}.Debug|Any CPU.ActiveCfg = Debug|Any CPU
		{E993C7D1-BEA9-4EB1-8012-46065E29AE10}.Debug|Any CPU.Build.0 = Debug|Any CPU
		{E993C7D1-BEA9-4EB1-8012-46065E29AE10}.Release|Any CPU.ActiveCfg = Release|Any CPU
		{E993C7D1-BEA9-4EB1-8012-46065E29AE10}.Release|Any CPU.Build.0 = Release|Any CPU
		{8FDA2D43-ED1D-4352-8D5A-CCD4F8C73AA7}.Debug|Any CPU.ActiveCfg = Debug|Any CPU
		{8FDA2D43-ED1D-4352-8D5A-CCD4F8C73AA7}.Debug|Any CPU.Build.0 = Debug|Any CPU
		{8FDA2D43-ED1D-4352-8D5A-CCD4F8C73AA7}.Release|Any CPU.ActiveCfg = Release|Any CPU
		{8FDA2D43-ED1D-4352-8D5A-CCD4F8C73AA7}.Release|Any CPU.Build.0 = Release|Any CPU
		{B0B86A2A-7F39-40C4-82C5-FEA9ADC1D62B}.Debug|Any CPU.ActiveCfg = Debug|Any CPU
		{B0B86A2A-7F39-40C4-82C5-FEA9ADC1D62B}.Debug|Any CPU.Build.0 = Debug|Any CPU
		{B0B86A2A-7F39-40C4-82C5-FEA9ADC1D62B}.Release|Any CPU.ActiveCfg = Release|Any CPU
		{B0B86A2A-7F39-40C4-82C5-FEA9ADC1D62B}.Release|Any CPU.Build.0 = Release|Any CPU
		{13AA79BE-E374-41DE-96A7-F4B725377BA2}.Debug|Any CPU.ActiveCfg = Debug|Any CPU
		{13AA79BE-E374-41DE-96A7-F4B725377BA2}.Debug|Any CPU.Build.0 = Debug|Any CPU
		{13AA79BE-E374-41DE-96A7-F4B725377BA2}.Release|Any CPU.ActiveCfg = Release|Any CPU
		{13AA79BE-E374-41DE-96A7-F4B725377BA2}.Release|Any CPU.Build.0 = Release|Any CPU
		{E2EE1A88-D8A2-4031-9A8A-CFF111E87FB3}.Debug|Any CPU.ActiveCfg = Debug|Any CPU
		{E2EE1A88-D8A2-4031-9A8A-CFF111E87FB3}.Debug|Any CPU.Build.0 = Debug|Any CPU
		{E2EE1A88-D8A2-4031-9A8A-CFF111E87FB3}.Release|Any CPU.ActiveCfg = Release|Any CPU
		{E2EE1A88-D8A2-4031-9A8A-CFF111E87FB3}.Release|Any CPU.Build.0 = Release|Any CPU
		{38529388-3CE3-49D6-A0DB-76647B84EA62}.Debug|Any CPU.ActiveCfg = Debug|Any CPU
		{38529388-3CE3-49D6-A0DB-76647B84EA62}.Debug|Any CPU.Build.0 = Debug|Any CPU
		{38529388-3CE3-49D6-A0DB-76647B84EA62}.Release|Any CPU.ActiveCfg = Release|Any CPU
		{38529388-3CE3-49D6-A0DB-76647B84EA62}.Release|Any CPU.Build.0 = Release|Any CPU
		{501DB928-AD32-46FC-8510-214EBD1FE200}.Debug|Any CPU.ActiveCfg = Debug|Any CPU
		{501DB928-AD32-46FC-8510-214EBD1FE200}.Debug|Any CPU.Build.0 = Debug|Any CPU
		{501DB928-AD32-46FC-8510-214EBD1FE200}.Release|Any CPU.ActiveCfg = Release|Any CPU
		{501DB928-AD32-46FC-8510-214EBD1FE200}.Release|Any CPU.Build.0 = Release|Any CPU
		{275CB54C-6639-4CB5-A34B-A9D7FD5A9714}.Debug|Any CPU.ActiveCfg = Debug|Any CPU
		{275CB54C-6639-4CB5-A34B-A9D7FD5A9714}.Debug|Any CPU.Build.0 = Debug|Any CPU
		{275CB54C-6639-4CB5-A34B-A9D7FD5A9714}.Release|Any CPU.ActiveCfg = Release|Any CPU
		{275CB54C-6639-4CB5-A34B-A9D7FD5A9714}.Release|Any CPU.Build.0 = Release|Any CPU
		{FF1F20EF-E26A-4AF2-AC88-3901F42E8AC8}.Debug|Any CPU.ActiveCfg = Debug|Any CPU
		{FF1F20EF-E26A-4AF2-AC88-3901F42E8AC8}.Debug|Any CPU.Build.0 = Debug|Any CPU
		{FF1F20EF-E26A-4AF2-AC88-3901F42E8AC8}.Release|Any CPU.ActiveCfg = Release|Any CPU
		{FF1F20EF-E26A-4AF2-AC88-3901F42E8AC8}.Release|Any CPU.Build.0 = Release|Any CPU
		{3CFEF4DA-1E6F-4EF4-BEB1-928D5A53C8D4}.Debug|Any CPU.ActiveCfg = Debug|Any CPU
		{3CFEF4DA-1E6F-4EF4-BEB1-928D5A53C8D4}.Debug|Any CPU.Build.0 = Debug|Any CPU
		{3CFEF4DA-1E6F-4EF4-BEB1-928D5A53C8D4}.Release|Any CPU.ActiveCfg = Release|Any CPU
		{3CFEF4DA-1E6F-4EF4-BEB1-928D5A53C8D4}.Release|Any CPU.Build.0 = Release|Any CPU
		{A89AAB3E-16BE-4254-A119-A2C8D1042CE9}.Debug|Any CPU.ActiveCfg = Debug|Any CPU
		{A89AAB3E-16BE-4254-A119-A2C8D1042CE9}.Debug|Any CPU.Build.0 = Debug|Any CPU
		{A89AAB3E-16BE-4254-A119-A2C8D1042CE9}.Release|Any CPU.ActiveCfg = Release|Any CPU
		{A89AAB3E-16BE-4254-A119-A2C8D1042CE9}.Release|Any CPU.Build.0 = Release|Any CPU
		{3034D57F-D3E5-4447-9DEE-035868234DCB}.Debug|Any CPU.ActiveCfg = Debug|Any CPU
		{3034D57F-D3E5-4447-9DEE-035868234DCB}.Debug|Any CPU.Build.0 = Debug|Any CPU
		{3034D57F-D3E5-4447-9DEE-035868234DCB}.Release|Any CPU.ActiveCfg = Release|Any CPU
		{3034D57F-D3E5-4447-9DEE-035868234DCB}.Release|Any CPU.Build.0 = Release|Any CPU
		{3226659E-7D72-4B05-97D4-3B79D11AFEF0}.Debug|Any CPU.ActiveCfg = Debug|Any CPU
		{3226659E-7D72-4B05-97D4-3B79D11AFEF0}.Debug|Any CPU.Build.0 = Debug|Any CPU
		{3226659E-7D72-4B05-97D4-3B79D11AFEF0}.Release|Any CPU.ActiveCfg = Release|Any CPU
		{3226659E-7D72-4B05-97D4-3B79D11AFEF0}.Release|Any CPU.Build.0 = Release|Any CPU
		{94D87ACB-ECAD-47AB-BA6F-977A451DC500}.Debug|Any CPU.ActiveCfg = Debug|Any CPU
		{94D87ACB-ECAD-47AB-BA6F-977A451DC500}.Debug|Any CPU.Build.0 = Debug|Any CPU
		{94D87ACB-ECAD-47AB-BA6F-977A451DC500}.Release|Any CPU.ActiveCfg = Release|Any CPU
		{94D87ACB-ECAD-47AB-BA6F-977A451DC500}.Release|Any CPU.Build.0 = Release|Any CPU
		{382369C0-B225-4BF2-BC1C-5D947A032624}.Debug|Any CPU.ActiveCfg = Debug|Any CPU
		{382369C0-B225-4BF2-BC1C-5D947A032624}.Debug|Any CPU.Build.0 = Debug|Any CPU
		{382369C0-B225-4BF2-BC1C-5D947A032624}.Release|Any CPU.ActiveCfg = Release|Any CPU
		{382369C0-B225-4BF2-BC1C-5D947A032624}.Release|Any CPU.Build.0 = Release|Any CPU
		{A2D8C52C-1C2E-40DA-B3DB-7CF8E636D596}.Debug|Any CPU.ActiveCfg = Debug|Any CPU
		{A2D8C52C-1C2E-40DA-B3DB-7CF8E636D596}.Debug|Any CPU.Build.0 = Debug|Any CPU
		{A2D8C52C-1C2E-40DA-B3DB-7CF8E636D596}.Release|Any CPU.ActiveCfg = Release|Any CPU
		{A2D8C52C-1C2E-40DA-B3DB-7CF8E636D596}.Release|Any CPU.Build.0 = Release|Any CPU
		{F5766DA6-F7D2-4581-8099-BC27743925D1}.Debug|Any CPU.ActiveCfg = Debug|Any CPU
		{F5766DA6-F7D2-4581-8099-BC27743925D1}.Debug|Any CPU.Build.0 = Debug|Any CPU
		{F5766DA6-F7D2-4581-8099-BC27743925D1}.Release|Any CPU.ActiveCfg = Release|Any CPU
		{F5766DA6-F7D2-4581-8099-BC27743925D1}.Release|Any CPU.Build.0 = Release|Any CPU
		{62D7348C-5CC1-4F6F-8BD6-8DD4F4A8B0E9}.Debug|Any CPU.ActiveCfg = Debug|Any CPU
		{62D7348C-5CC1-4F6F-8BD6-8DD4F4A8B0E9}.Debug|Any CPU.Build.0 = Debug|Any CPU
		{62D7348C-5CC1-4F6F-8BD6-8DD4F4A8B0E9}.Release|Any CPU.ActiveCfg = Release|Any CPU
		{62D7348C-5CC1-4F6F-8BD6-8DD4F4A8B0E9}.Release|Any CPU.Build.0 = Release|Any CPU
		{D87370E4-46E4-4E81-9B6E-29F8DBFD1DAB}.Debug|Any CPU.ActiveCfg = Debug|Any CPU
		{D87370E4-46E4-4E81-9B6E-29F8DBFD1DAB}.Debug|Any CPU.Build.0 = Debug|Any CPU
		{D87370E4-46E4-4E81-9B6E-29F8DBFD1DAB}.Release|Any CPU.ActiveCfg = Release|Any CPU
		{D87370E4-46E4-4E81-9B6E-29F8DBFD1DAB}.Release|Any CPU.Build.0 = Release|Any CPU
		{1F47D82A-1730-41E2-B164-DE5BBAAA4CD3}.Debug|Any CPU.ActiveCfg = Debug|Any CPU
		{1F47D82A-1730-41E2-B164-DE5BBAAA4CD3}.Debug|Any CPU.Build.0 = Debug|Any CPU
		{1F47D82A-1730-41E2-B164-DE5BBAAA4CD3}.Release|Any CPU.ActiveCfg = Release|Any CPU
		{1F47D82A-1730-41E2-B164-DE5BBAAA4CD3}.Release|Any CPU.Build.0 = Release|Any CPU
	EndGlobalSection
	GlobalSection(SolutionProperties) = preSolution
		HideSolutionNode = FALSE
	EndGlobalSection
	GlobalSection(NestedProjects) = preSolution
		{E993C7D1-BEA9-4EB1-8012-46065E29AE10} = {DFAA4713-DE67-4DF8-A7E3-DC992C935CD3}
		{8FDA2D43-ED1D-4352-8D5A-CCD4F8C73AA7} = {DFAA4713-DE67-4DF8-A7E3-DC992C935CD3}
		{B0B86A2A-7F39-40C4-82C5-FEA9ADC1D62B} = {DFAA4713-DE67-4DF8-A7E3-DC992C935CD3}
		{13AA79BE-E374-41DE-96A7-F4B725377BA2} = {DFAA4713-DE67-4DF8-A7E3-DC992C935CD3}
		{E2EE1A88-D8A2-4031-9A8A-CFF111E87FB3} = {DFAA4713-DE67-4DF8-A7E3-DC992C935CD3}
		{501DB928-AD32-46FC-8510-214EBD1FE200} = {DFAA4713-DE67-4DF8-A7E3-DC992C935CD3}
		{275CB54C-6639-4CB5-A34B-A9D7FD5A9714} = {DFAA4713-DE67-4DF8-A7E3-DC992C935CD3}
		{FF1F20EF-E26A-4AF2-AC88-3901F42E8AC8} = {42904ED0-A6EA-42BB-8AAF-726D7DF5BB27}
		{3CFEF4DA-1E6F-4EF4-BEB1-928D5A53C8D4} = {42904ED0-A6EA-42BB-8AAF-726D7DF5BB27}
		{A89AAB3E-16BE-4254-A119-A2C8D1042CE9} = {42904ED0-A6EA-42BB-8AAF-726D7DF5BB27}
		{3034D57F-D3E5-4447-9DEE-035868234DCB} = {42904ED0-A6EA-42BB-8AAF-726D7DF5BB27}
		{42904ED0-A6EA-42BB-8AAF-726D7DF5BB27} = {DFAA4713-DE67-4DF8-A7E3-DC992C935CD3}
		{2170EE0A-7F9A-4F28-88AA-3A5B98C57681} = {DFAA4713-DE67-4DF8-A7E3-DC992C935CD3}
		{3226659E-7D72-4B05-97D4-3B79D11AFEF0} = {2170EE0A-7F9A-4F28-88AA-3A5B98C57681}
		{94D87ACB-ECAD-47AB-BA6F-977A451DC500} = {2170EE0A-7F9A-4F28-88AA-3A5B98C57681}
		{382369C0-B225-4BF2-BC1C-5D947A032624} = {2170EE0A-7F9A-4F28-88AA-3A5B98C57681}
		{A2D8C52C-1C2E-40DA-B3DB-7CF8E636D596} = {2170EE0A-7F9A-4F28-88AA-3A5B98C57681}
		{F5766DA6-F7D2-4581-8099-BC27743925D1} = {2170EE0A-7F9A-4F28-88AA-3A5B98C57681}
		{62D7348C-5CC1-4F6F-8BD6-8DD4F4A8B0E9} = {A02CD324-C509-4050-882C-A2727AE736B2}
		{D87370E4-46E4-4E81-9B6E-29F8DBFD1DAB} = {A02CD324-C509-4050-882C-A2727AE736B2}
	EndGlobalSection
	GlobalSection(ExtensibilityGlobals) = postSolution
		SolutionGuid = {8B808B22-F202-4D12-A56E-DEC843AC3722}
	EndGlobalSection
EndGlobal
