
Microsoft Visual Studio Solution File, Format Version 12.00
# Visual Studio 15
VisualStudioVersion = 15.0.28307.779
MinimumVisualStudioVersion = 10.0.40219.1
Project("{FAE04EC0-301F-11D3-BF4B-00C04F79EFBC}") = "Vrh.ApplicationContainer", "Vrh.ApplicationContainer\Vrh.ApplicationContainer.csproj", "{0F167592-DCC8-4CF5-9737-6F0B86D0F76F}"
EndProject
Project("{2150E333-8FDC-42A3-9474-1A3956D46DE8}") = "Plugins", "Plugins", "{DFAA4713-DE67-4DF8-A7E3-DC992C935CD3}"
EndProject
Project("{FAE04EC0-301F-11D3-BF4B-00C04F79EFBC}") = "InstanceFactory.FromXML", "InstanceFactory.FromXMLConfig\InstanceFactory.FromXML.csproj", "{E993C7D1-BEA9-4EB1-8012-46065E29AE10}"
EndProject
Project("{FAE04EC0-301F-11D3-BF4B-00C04F79EFBC}") = "InstanceFactory.Fake", "InstanceFactory.Fake\InstanceFactory.Fake.csproj", "{8FDA2D43-ED1D-4352-8D5A-CCD4F8C73AA7}"
EndProject
Project("{FAE04EC0-301F-11D3-BF4B-00C04F79EFBC}") = "Plugin.Test", "Plugin.Test\Plugin.Test.csproj", "{B0B86A2A-7F39-40C4-82C5-FEA9ADC1D62B}"
EndProject
Project("{FAE04EC0-301F-11D3-BF4B-00C04F79EFBC}") = "Vrh.ApplicationContainer.WindowsServiceHost", "Vrh.ApplicationContainer.WindowsServiceHost\Vrh.ApplicationContainer.WindowsServiceHost.csproj", "{38529388-3CE3-49D6-A0DB-76647B84EA62}"
EndProject
Project("{2150E333-8FDC-42A3-9474-1A3956D46DE8}") = "ProjectTemplate", "ProjectTemplate", "{A02CD324-C509-4050-882C-A2727AE736B2}"
EndProject
Project("{FAE04EC0-301F-11D3-BF4B-00C04F79EFBC}") = "Plugin.ProjectTemplate", "Plugin.ProjectTemplate\Plugin.ProjectTemplate.csproj", "{62D7348C-5CC1-4F6F-8BD6-8DD4F4A8B0E9}"
EndProject
Project("{FAE04EC0-301F-11D3-BF4B-00C04F79EFBC}") = "Plugin.ProjectTemplate.Install", "Plugin.ProjectTemplate.Install\Plugin.ProjectTemplate.Install.csproj", "{D87370E4-46E4-4E81-9B6E-29F8DBFD1DAB}"
EndProject
Project("{FAE04EC0-301F-11D3-BF4B-00C04F79EFBC}") = "Vrh.ApplicationContainer.ConsoleHost", "Vrh.ApplicationContainer.ConsoleHost\Vrh.ApplicationContainer.ConsoleHost.csproj", "{1F47D82A-1730-41E2-B164-DE5BBAAA4CD3}"
EndProject
Project("{FAE04EC0-301F-11D3-BF4B-00C04F79EFBC}") = "TEST", "TEST\TEST.csproj", "{D6D6DB2D-9697-4433-9418-450D74637A10}"
EndProject
Project("{2150E333-8FDC-42A3-9474-1A3956D46DE8}") = "Core", "Core", "{5E839F25-7D0E-4CF9-BB10-0D2C2F6A6AD0}"
EndProject
Project("{2150E333-8FDC-42A3-9474-1A3956D46DE8}") = "Instance Factories", "Instance Factories", "{11D04619-E052-4D72-897D-0E2403689E9C}"
EndProject
Project("{FAE04EC0-301F-11D3-BF4B-00C04F79EFBC}") = "Vrh.ApplicationContainer.Control.Contract", "Vrh.ApplicationContainer.Control.Contract\Vrh.ApplicationContainer.Control.Contract.csproj", "{EF540874-5714-4D58-B6F6-CC9B595F37BB}"
EndProject
Project("{2150E333-8FDC-42A3-9474-1A3956D46DE8}") = "Hosts", "Hosts", "{3ADD76E0-8FBC-4287-96FF-D8AB8D468295}"
EndProject
Project("{2150E333-8FDC-42A3-9474-1A3956D46DE8}") = "SandBox", "SandBox", "{ADC8EBFC-38AC-4D87-B026-3BE8A23D616D}"
EndProject
Project("{FAE04EC0-301F-11D3-BF4B-00C04F79EFBC}") = "Vrh.ApplicationContainer.Topshelf", "Vrh.ApplicationContainer.Topshelf\Vrh.ApplicationContainer.Topshelf.csproj", "{28370CB1-0DE2-4F42-88C9-2859258532B0}"
EndProject
Global
	GlobalSection(SolutionConfigurationPlatforms) = preSolution
		Debug|Any CPU = Debug|Any CPU
		Release|Any CPU = Release|Any CPU
	EndGlobalSection
	GlobalSection(ProjectConfigurationPlatforms) = postSolution
		{0F167592-DCC8-4CF5-9737-6F0B86D0F76F}.Debug|Any CPU.ActiveCfg = Debug|Any CPU
		{0F167592-DCC8-4CF5-9737-6F0B86D0F76F}.Debug|Any CPU.Build.0 = Debug|Any CPU
		{0F167592-DCC8-4CF5-9737-6F0B86D0F76F}.Release|Any CPU.ActiveCfg = Release|Any CPU
		{0F167592-DCC8-4CF5-9737-6F0B86D0F76F}.Release|Any CPU.Build.0 = Release|Any CPU
		{E993C7D1-BEA9-4EB1-8012-46065E29AE10}.Debug|Any CPU.ActiveCfg = Debug|Any CPU
		{E993C7D1-BEA9-4EB1-8012-46065E29AE10}.Debug|Any CPU.Build.0 = Debug|Any CPU
		{E993C7D1-BEA9-4EB1-8012-46065E29AE10}.Release|Any CPU.ActiveCfg = Release|Any CPU
		{E993C7D1-BEA9-4EB1-8012-46065E29AE10}.Release|Any CPU.Build.0 = Release|Any CPU
		{8FDA2D43-ED1D-4352-8D5A-CCD4F8C73AA7}.Debug|Any CPU.ActiveCfg = Debug|Any CPU
		{8FDA2D43-ED1D-4352-8D5A-CCD4F8C73AA7}.Debug|Any CPU.Build.0 = Debug|Any CPU
		{8FDA2D43-ED1D-4352-8D5A-CCD4F8C73AA7}.Release|Any CPU.ActiveCfg = Release|Any CPU
		{8FDA2D43-ED1D-4352-8D5A-CCD4F8C73AA7}.Release|Any CPU.Build.0 = Release|Any CPU
		{B0B86A2A-7F39-40C4-82C5-FEA9ADC1D62B}.Debug|Any CPU.ActiveCfg = Debug|Any CPU
		{B0B86A2A-7F39-40C4-82C5-FEA9ADC1D62B}.Debug|Any CPU.Build.0 = Debug|Any CPU
		{B0B86A2A-7F39-40C4-82C5-FEA9ADC1D62B}.Release|Any CPU.ActiveCfg = Release|Any CPU
		{B0B86A2A-7F39-40C4-82C5-FEA9ADC1D62B}.Release|Any CPU.Build.0 = Release|Any CPU
		{38529388-3CE3-49D6-A0DB-76647B84EA62}.Debug|Any CPU.ActiveCfg = Debug|Any CPU
		{38529388-3CE3-49D6-A0DB-76647B84EA62}.Debug|Any CPU.Build.0 = Debug|Any CPU
		{38529388-3CE3-49D6-A0DB-76647B84EA62}.Release|Any CPU.ActiveCfg = Release|Any CPU
		{38529388-3CE3-49D6-A0DB-76647B84EA62}.Release|Any CPU.Build.0 = Release|Any CPU
		{62D7348C-5CC1-4F6F-8BD6-8DD4F4A8B0E9}.Debug|Any CPU.ActiveCfg = Debug|Any CPU
		{62D7348C-5CC1-4F6F-8BD6-8DD4F4A8B0E9}.Debug|Any CPU.Build.0 = Debug|Any CPU
		{62D7348C-5CC1-4F6F-8BD6-8DD4F4A8B0E9}.Release|Any CPU.ActiveCfg = Release|Any CPU
		{62D7348C-5CC1-4F6F-8BD6-8DD4F4A8B0E9}.Release|Any CPU.Build.0 = Release|Any CPU
		{D87370E4-46E4-4E81-9B6E-29F8DBFD1DAB}.Debug|Any CPU.ActiveCfg = Debug|Any CPU
		{D87370E4-46E4-4E81-9B6E-29F8DBFD1DAB}.Debug|Any CPU.Build.0 = Debug|Any CPU
		{D87370E4-46E4-4E81-9B6E-29F8DBFD1DAB}.Release|Any CPU.ActiveCfg = Release|Any CPU
		{D87370E4-46E4-4E81-9B6E-29F8DBFD1DAB}.Release|Any CPU.Build.0 = Release|Any CPU
		{1F47D82A-1730-41E2-B164-DE5BBAAA4CD3}.Debug|Any CPU.ActiveCfg = Debug|Any CPU
		{1F47D82A-1730-41E2-B164-DE5BBAAA4CD3}.Debug|Any CPU.Build.0 = Debug|Any CPU
		{1F47D82A-1730-41E2-B164-DE5BBAAA4CD3}.Release|Any CPU.ActiveCfg = Release|Any CPU
		{1F47D82A-1730-41E2-B164-DE5BBAAA4CD3}.Release|Any CPU.Build.0 = Release|Any CPU
		{D6D6DB2D-9697-4433-9418-450D74637A10}.Debug|Any CPU.ActiveCfg = Debug|Any CPU
		{D6D6DB2D-9697-4433-9418-450D74637A10}.Debug|Any CPU.Build.0 = Debug|Any CPU
		{D6D6DB2D-9697-4433-9418-450D74637A10}.Release|Any CPU.ActiveCfg = Release|Any CPU
		{D6D6DB2D-9697-4433-9418-450D74637A10}.Release|Any CPU.Build.0 = Release|Any CPU
		{EF540874-5714-4D58-B6F6-CC9B595F37BB}.Debug|Any CPU.ActiveCfg = Debug|Any CPU
		{EF540874-5714-4D58-B6F6-CC9B595F37BB}.Debug|Any CPU.Build.0 = Debug|Any CPU
		{EF540874-5714-4D58-B6F6-CC9B595F37BB}.Release|Any CPU.ActiveCfg = Release|Any CPU
		{EF540874-5714-4D58-B6F6-CC9B595F37BB}.Release|Any CPU.Build.0 = Release|Any CPU
		{28370CB1-0DE2-4F42-88C9-2859258532B0}.Debug|Any CPU.ActiveCfg = Debug|Any CPU
		{28370CB1-0DE2-4F42-88C9-2859258532B0}.Debug|Any CPU.Build.0 = Debug|Any CPU
		{28370CB1-0DE2-4F42-88C9-2859258532B0}.Release|Any CPU.ActiveCfg = Release|Any CPU
		{28370CB1-0DE2-4F42-88C9-2859258532B0}.Release|Any CPU.Build.0 = Release|Any CPU
	EndGlobalSection
	GlobalSection(SolutionProperties) = preSolution
		HideSolutionNode = FALSE
	EndGlobalSection
	GlobalSection(NestedProjects) = preSolution
		{0F167592-DCC8-4CF5-9737-6F0B86D0F76F} = {5E839F25-7D0E-4CF9-BB10-0D2C2F6A6AD0}
		{E993C7D1-BEA9-4EB1-8012-46065E29AE10} = {11D04619-E052-4D72-897D-0E2403689E9C}
		{8FDA2D43-ED1D-4352-8D5A-CCD4F8C73AA7} = {11D04619-E052-4D72-897D-0E2403689E9C}
		{B0B86A2A-7F39-40C4-82C5-FEA9ADC1D62B} = {DFAA4713-DE67-4DF8-A7E3-DC992C935CD3}
		{38529388-3CE3-49D6-A0DB-76647B84EA62} = {3ADD76E0-8FBC-4287-96FF-D8AB8D468295}
		{62D7348C-5CC1-4F6F-8BD6-8DD4F4A8B0E9} = {A02CD324-C509-4050-882C-A2727AE736B2}
		{D87370E4-46E4-4E81-9B6E-29F8DBFD1DAB} = {A02CD324-C509-4050-882C-A2727AE736B2}
		{1F47D82A-1730-41E2-B164-DE5BBAAA4CD3} = {3ADD76E0-8FBC-4287-96FF-D8AB8D468295}
		{D6D6DB2D-9697-4433-9418-450D74637A10} = {ADC8EBFC-38AC-4D87-B026-3BE8A23D616D}
		{EF540874-5714-4D58-B6F6-CC9B595F37BB} = {5E839F25-7D0E-4CF9-BB10-0D2C2F6A6AD0}
		{28370CB1-0DE2-4F42-88C9-2859258532B0} = {3ADD76E0-8FBC-4287-96FF-D8AB8D468295}
	EndGlobalSection
	GlobalSection(ExtensibilityGlobals) = postSolution
		SolutionGuid = {8B808B22-F202-4D12-A56E-DEC843AC3722}
	EndGlobalSection
EndGlobal
